
Microsoft Visual Studio Solution File, Format Version 12.00
# Visual Studio Version 16
VisualStudioVersion = 16.0.30907.101
MinimumVisualStudioVersion = 10.0.40219.1
Project("{9A19103F-16F7-4668-BE54-9A1E7A4F7556}") = "CSV2QIF-Converter.Lib", "CSV2QIF-Converter.Lib\CSV2QIF-Converter.Lib.csproj", "{14665D69-FD20-482B-9DAA-7F0EB25D88E3}"
EndProject
Project("{9A19103F-16F7-4668-BE54-9A1E7A4F7556}") = "CSV2QIF-Converter.Console", "CSV2QIF-Converter.Console\CSV2QIF-Converter.Console.csproj", "{B913A35D-5711-44E3-A45D-3BD3D4BE8EA1}"
EndProject
Project("{FAE04EC0-301F-11D3-BF4B-00C04F79EFBC}") = "CSV2QIF-Converter.Forms", "CSV2QIF-Converter.Forms\CSV2QIF-Converter.Forms.csproj", "{7BE758ED-E8D9-40F5-A44E-5EF50BE28BD1}"
EndProject
Global
	GlobalSection(SolutionConfigurationPlatforms) = preSolution
		Debug|Any CPU = Debug|Any CPU
		Release|Any CPU = Release|Any CPU
	EndGlobalSection
	GlobalSection(ProjectConfigurationPlatforms) = postSolution
		{14665D69-FD20-482B-9DAA-7F0EB25D88E3}.Debug|Any CPU.ActiveCfg = Debug|Any CPU
		{14665D69-FD20-482B-9DAA-7F0EB25D88E3}.Debug|Any CPU.Build.0 = Debug|Any CPU
		{14665D69-FD20-482B-9DAA-7F0EB25D88E3}.Release|Any CPU.ActiveCfg = Release|Any CPU
		{14665D69-FD20-482B-9DAA-7F0EB25D88E3}.Release|Any CPU.Build.0 = Release|Any CPU
		{B913A35D-5711-44E3-A45D-3BD3D4BE8EA1}.Debug|Any CPU.ActiveCfg = Debug|Any CPU
		{B913A35D-5711-44E3-A45D-3BD3D4BE8EA1}.Debug|Any CPU.Build.0 = Debug|Any CPU
		{B913A35D-5711-44E3-A45D-3BD3D4BE8EA1}.Release|Any CPU.ActiveCfg = Release|Any CPU
		{B913A35D-5711-44E3-A45D-3BD3D4BE8EA1}.Release|Any CPU.Build.0 = Release|Any CPU
		{7BE758ED-E8D9-40F5-A44E-5EF50BE28BD1}.Debug|Any CPU.ActiveCfg = Debug|Any CPU
		{7BE758ED-E8D9-40F5-A44E-5EF50BE28BD1}.Debug|Any CPU.Build.0 = Debug|Any CPU
		{7BE758ED-E8D9-40F5-A44E-5EF50BE28BD1}.Release|Any CPU.ActiveCfg = Release|Any CPU
		{7BE758ED-E8D9-40F5-A44E-5EF50BE28BD1}.Release|Any CPU.Build.0 = Release|Any CPU
	EndGlobalSection
	GlobalSection(SolutionProperties) = preSolution
		HideSolutionNode = FALSE
	EndGlobalSection
	GlobalSection(ExtensibilityGlobals) = postSolution
		SolutionGuid = {CE50CC05-1CAA-464E-9EEE-DDAAA01FD89D}
	EndGlobalSection
EndGlobal
